// !$*UTF8*$!
{
	archiveVersion = 1;
	classes = {
	};
	objectVersion = 46;
	objects = {

/* Begin PBXBuildFile section */
		598B5DCC1BA218A20058EC5D /* Screen.png in Resources */ = {isa = PBXBuildFile; fileRef = 598B5DCB1BA218A20058EC5D /* Screen.png */; };
		59B8361D1B7DF1F6007E1290 /* AppDelegate.swift in Sources */ = {isa = PBXBuildFile; fileRef = 59B8361C1B7DF1F6007E1290 /* AppDelegate.swift */; };
		59B8361F1B7DF1F6007E1290 /* ViewController.swift in Sources */ = {isa = PBXBuildFile; fileRef = 59B8361E1B7DF1F6007E1290 /* ViewController.swift */; };
		59B836221B7DF1F6007E1290 /* Main.storyboard in Resources */ = {isa = PBXBuildFile; fileRef = 59B836201B7DF1F6007E1290 /* Main.storyboard */; };
		59B836241B7DF1F6007E1290 /* Images.xcassets in Resources */ = {isa = PBXBuildFile; fileRef = 59B836231B7DF1F6007E1290 /* Images.xcassets */; };
		59B836271B7DF1F6007E1290 /* LaunchScreen.xib in Resources */ = {isa = PBXBuildFile; fileRef = 59B836251B7DF1F6007E1290 /* LaunchScreen.xib */; };
		59B836331B7DF1F6007E1290 /* InteractivePlayerViewTests.swift in Sources */ = {isa = PBXBuildFile; fileRef = 59B836321B7DF1F6007E1290 /* InteractivePlayerViewTests.swift */; };
		59D610B81BA8271200CC59A9 /* InteractivePlayerView.swift in Sources */ = {isa = PBXBuildFile; fileRef = 59D610B61BA8271200CC59A9 /* InteractivePlayerView.swift */; };
		59D610B91BA8271200CC59A9 /* InteractivePlayerView.xib in Resources */ = {isa = PBXBuildFile; fileRef = 59D610B71BA8271200CC59A9 /* InteractivePlayerView.xib */; };
/* End PBXBuildFile section */

/* Begin PBXContainerItemProxy section */
		59B8362D1B7DF1F6007E1290 /* PBXContainerItemProxy */ = {
			isa = PBXContainerItemProxy;
			containerPortal = 59B8360F1B7DF1F6007E1290 /* Project object */;
			proxyType = 1;
			remoteGlobalIDString = 59B836161B7DF1F6007E1290;
			remoteInfo = InteractivePlayerView;
		};
/* End PBXContainerItemProxy section */

/* Begin PBXFileReference section */
		598B5DCB1BA218A20058EC5D /* Screen.png */ = {isa = PBXFileReference; lastKnownFileType = image.png; path = Screen.png; sourceTree = "<group>"; };
		59B836171B7DF1F6007E1290 /* InteractivePlayerView.app */ = {isa = PBXFileReference; explicitFileType = wrapper.application; includeInIndex = 0; path = InteractivePlayerView.app; sourceTree = BUILT_PRODUCTS_DIR; };
		59B8361B1B7DF1F6007E1290 /* Info.plist */ = {isa = PBXFileReference; lastKnownFileType = text.plist.xml; path = Info.plist; sourceTree = "<group>"; };
		59B8361C1B7DF1F6007E1290 /* AppDelegate.swift */ = {isa = PBXFileReference; lastKnownFileType = sourcecode.swift; path = AppDelegate.swift; sourceTree = "<group>"; };
		59B8361E1B7DF1F6007E1290 /* ViewController.swift */ = {isa = PBXFileReference; lastKnownFileType = sourcecode.swift; path = ViewController.swift; sourceTree = "<group>"; };
		59B836211B7DF1F6007E1290 /* Base */ = {isa = PBXFileReference; lastKnownFileType = file.storyboard; name = Base; path = Base.lproj/Main.storyboard; sourceTree = "<group>"; };
		59B836231B7DF1F6007E1290 /* Images.xcassets */ = {isa = PBXFileReference; lastKnownFileType = folder.assetcatalog; path = Images.xcassets; sourceTree = "<group>"; };
		59B836261B7DF1F6007E1290 /* Base */ = {isa = PBXFileReference; lastKnownFileType = file.xib; name = Base; path = Base.lproj/LaunchScreen.xib; sourceTree = "<group>"; };
		59B8362C1B7DF1F6007E1290 /* InteractivePlayerViewTests.xctest */ = {isa = PBXFileReference; explicitFileType = wrapper.cfbundle; includeInIndex = 0; path = InteractivePlayerViewTests.xctest; sourceTree = BUILT_PRODUCTS_DIR; };
		59B836311B7DF1F6007E1290 /* Info.plist */ = {isa = PBXFileReference; lastKnownFileType = text.plist.xml; path = Info.plist; sourceTree = "<group>"; };
		59B836321B7DF1F6007E1290 /* InteractivePlayerViewTests.swift */ = {isa = PBXFileReference; lastKnownFileType = sourcecode.swift; path = InteractivePlayerViewTests.swift; sourceTree = "<group>"; };
		59D610B61BA8271200CC59A9 /* InteractivePlayerView.swift */ = {isa = PBXFileReference; fileEncoding = 4; lastKnownFileType = sourcecode.swift; path = InteractivePlayerView.swift; sourceTree = "<group>"; };
		59D610B71BA8271200CC59A9 /* InteractivePlayerView.xib */ = {isa = PBXFileReference; fileEncoding = 4; lastKnownFileType = file.xib; path = InteractivePlayerView.xib; sourceTree = "<group>"; };
/* End PBXFileReference section */

/* Begin PBXFrameworksBuildPhase section */
		59B836141B7DF1F6007E1290 /* Frameworks */ = {
			isa = PBXFrameworksBuildPhase;
			buildActionMask = 2147483647;
			files = (
			);
			runOnlyForDeploymentPostprocessing = 0;
		};
		59B836291B7DF1F6007E1290 /* Frameworks */ = {
			isa = PBXFrameworksBuildPhase;
			buildActionMask = 2147483647;
			files = (
			);
			runOnlyForDeploymentPostprocessing = 0;
		};
/* End PBXFrameworksBuildPhase section */

/* Begin PBXGroup section */
		59B8360E1B7DF1F6007E1290 = {
			isa = PBXGroup;
			children = (
				59B836191B7DF1F6007E1290 /* InteractivePlayerView */,
				59B8362F1B7DF1F6007E1290 /* InteractivePlayerViewTests */,
				59B836181B7DF1F6007E1290 /* Products */,
			);
			sourceTree = "<group>";
		};
		59B836181B7DF1F6007E1290 /* Products */ = {
			isa = PBXGroup;
			children = (
				59B836171B7DF1F6007E1290 /* InteractivePlayerView.app */,
				59B8362C1B7DF1F6007E1290 /* InteractivePlayerViewTests.xctest */,
			);
			name = Products;
			sourceTree = "<group>";
		};
		59B836191B7DF1F6007E1290 /* InteractivePlayerView */ = {
			isa = PBXGroup;
			children = (
				59B8361C1B7DF1F6007E1290 /* AppDelegate.swift */,
				59B8361E1B7DF1F6007E1290 /* ViewController.swift */,
				59B836201B7DF1F6007E1290 /* Main.storyboard */,
				59B836231B7DF1F6007E1290 /* Images.xcassets */,
				59B836251B7DF1F6007E1290 /* LaunchScreen.xib */,
				59B8361A1B7DF1F6007E1290 /* Supporting Files */,
				59B8363E1B7E1148007E1290 /* ipv_source */,
			);
			path = InteractivePlayerView;
			sourceTree = "<group>";
		};
		59B8361A1B7DF1F6007E1290 /* Supporting Files */ = {
			isa = PBXGroup;
			children = (
				598B5DCB1BA218A20058EC5D /* Screen.png */,
				59B8361B1B7DF1F6007E1290 /* Info.plist */,
			);
			name = "Supporting Files";
			sourceTree = "<group>";
		};
		59B8362F1B7DF1F6007E1290 /* InteractivePlayerViewTests */ = {
			isa = PBXGroup;
			children = (
				59B836321B7DF1F6007E1290 /* InteractivePlayerViewTests.swift */,
				59B836301B7DF1F6007E1290 /* Supporting Files */,
			);
			path = InteractivePlayerViewTests;
			sourceTree = "<group>";
		};
		59B836301B7DF1F6007E1290 /* Supporting Files */ = {
			isa = PBXGroup;
			children = (
				59B836311B7DF1F6007E1290 /* Info.plist */,
			);
			name = "Supporting Files";
			sourceTree = "<group>";
		};
		59B8363E1B7E1148007E1290 /* ipv_source */ = {
			isa = PBXGroup;
			children = (
				59D610B61BA8271200CC59A9 /* InteractivePlayerView.swift */,
				59D610B71BA8271200CC59A9 /* InteractivePlayerView.xib */,
			);
			name = ipv_source;
			path = ../ipv_source;
			sourceTree = "<group>";
		};
/* End PBXGroup section */

/* Begin PBXNativeTarget section */
		59B836161B7DF1F6007E1290 /* InteractivePlayerView */ = {
			isa = PBXNativeTarget;
			buildConfigurationList = 59B836361B7DF1F6007E1290 /* Build configuration list for PBXNativeTarget "InteractivePlayerView" */;
			buildPhases = (
				59B836131B7DF1F6007E1290 /* Sources */,
				59B836141B7DF1F6007E1290 /* Frameworks */,
				59B836151B7DF1F6007E1290 /* Resources */,
			);
			buildRules = (
			);
			dependencies = (
			);
			name = InteractivePlayerView;
			productName = InteractivePlayerView;
			productReference = 59B836171B7DF1F6007E1290 /* InteractivePlayerView.app */;
			productType = "com.apple.product-type.application";
		};
		59B8362B1B7DF1F6007E1290 /* InteractivePlayerViewTests */ = {
			isa = PBXNativeTarget;
			buildConfigurationList = 59B836391B7DF1F6007E1290 /* Build configuration list for PBXNativeTarget "InteractivePlayerViewTests" */;
			buildPhases = (
				59B836281B7DF1F6007E1290 /* Sources */,
				59B836291B7DF1F6007E1290 /* Frameworks */,
				59B8362A1B7DF1F6007E1290 /* Resources */,
			);
			buildRules = (
			);
			dependencies = (
				59B8362E1B7DF1F6007E1290 /* PBXTargetDependency */,
			);
			name = InteractivePlayerViewTests;
			productName = InteractivePlayerViewTests;
			productReference = 59B8362C1B7DF1F6007E1290 /* InteractivePlayerViewTests.xctest */;
			productType = "com.apple.product-type.bundle.unit-test";
		};
/* End PBXNativeTarget section */

/* Begin PBXProject section */
		59B8360F1B7DF1F6007E1290 /* Project object */ = {
			isa = PBXProject;
			attributes = {
				LastSwiftMigration = 0700;
				LastSwiftUpdateCheck = 0700;
				LastUpgradeCheck = 0800;
				ORGANIZATIONNAME = Mobiwise;
				TargetAttributes = {
					59B836161B7DF1F6007E1290 = {
						CreatedOnToolsVersion = 6.4;
						DevelopmentTeam = 89QENA8827;
						LastSwiftMigration = 0800;
					};
					59B8362B1B7DF1F6007E1290 = {
						CreatedOnToolsVersion = 6.4;
						DevelopmentTeam = 89QENA8827;
						LastSwiftMigration = 0800;
						TestTargetID = 59B836161B7DF1F6007E1290;
					};
				};
			};
			buildConfigurationList = 59B836121B7DF1F6007E1290 /* Build configuration list for PBXProject "InteractivePlayerView" */;
			compatibilityVersion = "Xcode 3.2";
			developmentRegion = English;
			hasScannedForEncodings = 0;
			knownRegions = (
				en,
				Base,
			);
			mainGroup = 59B8360E1B7DF1F6007E1290;
			productRefGroup = 59B836181B7DF1F6007E1290 /* Products */;
			projectDirPath = "";
			projectRoot = "";
			targets = (
				59B836161B7DF1F6007E1290 /* InteractivePlayerView */,
				59B8362B1B7DF1F6007E1290 /* InteractivePlayerViewTests */,
			);
		};
/* End PBXProject section */

/* Begin PBXResourcesBuildPhase section */
		59B836151B7DF1F6007E1290 /* Resources */ = {
			isa = PBXResourcesBuildPhase;
			buildActionMask = 2147483647;
			files = (
				59D610B91BA8271200CC59A9 /* InteractivePlayerView.xib in Resources */,
				59B836221B7DF1F6007E1290 /* Main.storyboard in Resources */,
				59B836271B7DF1F6007E1290 /* LaunchScreen.xib in Resources */,
				598B5DCC1BA218A20058EC5D /* Screen.png in Resources */,
				59B836241B7DF1F6007E1290 /* Images.xcassets in Resources */,
			);
			runOnlyForDeploymentPostprocessing = 0;
		};
		59B8362A1B7DF1F6007E1290 /* Resources */ = {
			isa = PBXResourcesBuildPhase;
			buildActionMask = 2147483647;
			files = (
			);
			runOnlyForDeploymentPostprocessing = 0;
		};
/* End PBXResourcesBuildPhase section */

/* Begin PBXSourcesBuildPhase section */
		59B836131B7DF1F6007E1290 /* Sources */ = {
			isa = PBXSourcesBuildPhase;
			buildActionMask = 2147483647;
			files = (
				59B8361F1B7DF1F6007E1290 /* ViewController.swift in Sources */,
				59D610B81BA8271200CC59A9 /* InteractivePlayerView.swift in Sources */,
				59B8361D1B7DF1F6007E1290 /* AppDelegate.swift in Sources */,
			);
			runOnlyForDeploymentPostprocessing = 0;
		};
		59B836281B7DF1F6007E1290 /* Sources */ = {
			isa = PBXSourcesBuildPhase;
			buildActionMask = 2147483647;
			files = (
				59B836331B7DF1F6007E1290 /* InteractivePlayerViewTests.swift in Sources */,
			);
			runOnlyForDeploymentPostprocessing = 0;
		};
/* End PBXSourcesBuildPhase section */

/* Begin PBXTargetDependency section */
		59B8362E1B7DF1F6007E1290 /* PBXTargetDependency */ = {
			isa = PBXTargetDependency;
			target = 59B836161B7DF1F6007E1290 /* InteractivePlayerView */;
			targetProxy = 59B8362D1B7DF1F6007E1290 /* PBXContainerItemProxy */;
		};
/* End PBXTargetDependency section */

/* Begin PBXVariantGroup section */
		59B836201B7DF1F6007E1290 /* Main.storyboard */ = {
			isa = PBXVariantGroup;
			children = (
				59B836211B7DF1F6007E1290 /* Base */,
			);
			name = Main.storyboard;
			sourceTree = "<group>";
		};
		59B836251B7DF1F6007E1290 /* LaunchScreen.xib */ = {
			isa = PBXVariantGroup;
			children = (
				59B836261B7DF1F6007E1290 /* Base */,
			);
			name = LaunchScreen.xib;
			sourceTree = "<group>";
		};
/* End PBXVariantGroup section */

/* Begin XCBuildConfiguration section */
		59B836341B7DF1F6007E1290 /* Debug */ = {
			isa = XCBuildConfiguration;
			buildSettings = {
				ALWAYS_SEARCH_USER_PATHS = NO;
				CLANG_CXX_LANGUAGE_STANDARD = "gnu++0x";
				CLANG_CXX_LIBRARY = "libc++";
				CLANG_ENABLE_MODULES = YES;
				CLANG_ENABLE_OBJC_ARC = YES;
				CLANG_WARN_BOOL_CONVERSION = YES;
				CLANG_WARN_CONSTANT_CONVERSION = YES;
				CLANG_WARN_DIRECT_OBJC_ISA_USAGE = YES_ERROR;
				CLANG_WARN_EMPTY_BODY = YES;
				CLANG_WARN_ENUM_CONVERSION = YES;
				CLANG_WARN_INFINITE_RECURSION = YES;
				CLANG_WARN_INT_CONVERSION = YES;
				CLANG_WARN_OBJC_ROOT_CLASS = YES_ERROR;
				CLANG_WARN_SUSPICIOUS_MOVE = YES;
				CLANG_WARN_UNREACHABLE_CODE = YES;
				CLANG_WARN__DUPLICATE_METHOD_MATCH = YES;
				"CODE_SIGN_IDENTITY[sdk=iphoneos*]" = "iPhone Developer";
				COPY_PHASE_STRIP = NO;
				DEBUG_INFORMATION_FORMAT = "dwarf-with-dsym";
				ENABLE_STRICT_OBJC_MSGSEND = YES;
				ENABLE_TESTABILITY = YES;
				GCC_C_LANGUAGE_STANDARD = gnu99;
				GCC_DYNAMIC_NO_PIC = NO;
				GCC_NO_COMMON_BLOCKS = YES;
				GCC_OPTIMIZATION_LEVEL = 0;
				GCC_PREPROCESSOR_DEFINITIONS = (
					"DEBUG=1",
					"$(inherited)",
				);
				GCC_SYMBOLS_PRIVATE_EXTERN = NO;
				GCC_WARN_64_TO_32_BIT_CONVERSION = YES;
				GCC_WARN_ABOUT_RETURN_TYPE = YES_ERROR;
				GCC_WARN_UNDECLARED_SELECTOR = YES;
				GCC_WARN_UNINITIALIZED_AUTOS = YES_AGGRESSIVE;
				GCC_WARN_UNUSED_FUNCTION = YES;
				GCC_WARN_UNUSED_VARIABLE = YES;
				IPHONEOS_DEPLOYMENT_TARGET = 8.4;
				MTL_ENABLE_DEBUG_INFO = YES;
				ONLY_ACTIVE_ARCH = YES;
				SDKROOT = iphoneos;
				SWIFT_OPTIMIZATION_LEVEL = "-Onone";
				TARGETED_DEVICE_FAMILY = "1,2";
			};
			name = Debug;
		};
		59B836351B7DF1F6007E1290 /* Release */ = {
			isa = XCBuildConfiguration;
			buildSettings = {
				ALWAYS_SEARCH_USER_PATHS = NO;
				CLANG_CXX_LANGUAGE_STANDARD = "gnu++0x";
				CLANG_CXX_LIBRARY = "libc++";
				CLANG_ENABLE_MODULES = YES;
				CLANG_ENABLE_OBJC_ARC = YES;
				CLANG_WARN_BOOL_CONVERSION = YES;
				CLANG_WARN_CONSTANT_CONVERSION = YES;
				CLANG_WARN_DIRECT_OBJC_ISA_USAGE = YES_ERROR;
				CLANG_WARN_EMPTY_BODY = YES;
				CLANG_WARN_ENUM_CONVERSION = YES;
				CLANG_WARN_INFINITE_RECURSION = YES;
				CLANG_WARN_INT_CONVERSION = YES;
				CLANG_WARN_OBJC_ROOT_CLASS = YES_ERROR;
				CLANG_WARN_SUSPICIOUS_MOVE = YES;
				CLANG_WARN_UNREACHABLE_CODE = YES;
				CLANG_WARN__DUPLICATE_METHOD_MATCH = YES;
				"CODE_SIGN_IDENTITY[sdk=iphoneos*]" = "iPhone Developer";
				COPY_PHASE_STRIP = NO;
				DEBUG_INFORMATION_FORMAT = "dwarf-with-dsym";
				ENABLE_NS_ASSERTIONS = NO;
				ENABLE_STRICT_OBJC_MSGSEND = YES;
				GCC_C_LANGUAGE_STANDARD = gnu99;
				GCC_NO_COMMON_BLOCKS = YES;
				GCC_WARN_64_TO_32_BIT_CONVERSION = YES;
				GCC_WARN_ABOUT_RETURN_TYPE = YES_ERROR;
				GCC_WARN_UNDECLARED_SELECTOR = YES;
				GCC_WARN_UNINITIALIZED_AUTOS = YES_AGGRESSIVE;
				GCC_WARN_UNUSED_FUNCTION = YES;
				GCC_WARN_UNUSED_VARIABLE = YES;
				IPHONEOS_DEPLOYMENT_TARGET = 8.4;
				MTL_ENABLE_DEBUG_INFO = NO;
				SDKROOT = iphoneos;
				SWIFT_OPTIMIZATION_LEVEL = "-Owholemodule";
				TARGETED_DEVICE_FAMILY = "1,2";
				VALIDATE_PRODUCT = YES;
			};
			name = Release;
		};
		59B836371B7DF1F6007E1290 /* Debug */ = {
			isa = XCBuildConfiguration;
			buildSettings = {
				ASSETCATALOG_COMPILER_APPICON_NAME = AppIcon;
				CODE_SIGN_IDENTITY = "iPhone Developer";
				DEVELOPMENT_TEAM = 89QENA8827;
				INFOPLIST_FILE = InteractivePlayerView/Info.plist;
				LD_RUNPATH_SEARCH_PATHS = "$(inherited) @executable_path/Frameworks";
				PRODUCT_BUNDLE_IDENTIFIER = "co.mobiwise.$(PRODUCT_NAME:rfc1034identifier)";
				PRODUCT_NAME = "$(TARGET_NAME)";
				SWIFT_VERSION = 3.0;
			};
			name = Debug;
		};
		59B836381B7DF1F6007E1290 /* Release */ = {
			isa = XCBuildConfiguration;
			buildSettings = {
				ASSETCATALOG_COMPILER_APPICON_NAME = AppIcon;
				CODE_SIGN_IDENTITY = "iPhone Developer";
				DEVELOPMENT_TEAM = 89QENA8827;
				INFOPLIST_FILE = InteractivePlayerView/Info.plist;
				LD_RUNPATH_SEARCH_PATHS = "$(inherited) @executable_path/Frameworks";
				PRODUCT_BUNDLE_IDENTIFIER = "co.mobiwise.$(PRODUCT_NAME:rfc1034identifier)";
				PRODUCT_NAME = "$(TARGET_NAME)";
				SWIFT_VERSION = 3.0;
			};
			name = Release;
		};
		59B8363A1B7DF1F6007E1290 /* Debug */ = {
			isa = XCBuildConfiguration;
			buildSettings = {
				BUNDLE_LOADER = "$(TEST_HOST)";
				DEVELOPMENT_TEAM = 89QENA8827;
				FRAMEWORK_SEARCH_PATHS = (
					"$(SDKROOT)/Developer/Library/Frameworks",
					"$(inherited)",
				);
				GCC_PREPROCESSOR_DEFINITIONS = (
					"DEBUG=1",
					"$(inherited)",
				);
				INFOPLIST_FILE = InteractivePlayerViewTests/Info.plist;
				LD_RUNPATH_SEARCH_PATHS = "$(inherited) @executable_path/Frameworks @loader_path/Frameworks";
				PRODUCT_BUNDLE_IDENTIFIER = "co.mobiwise.$(PRODUCT_NAME:rfc1034identifier)";
				PRODUCT_NAME = "$(TARGET_NAME)";
				SWIFT_VERSION = 3.0;
				TEST_HOST = "$(BUILT_PRODUCTS_DIR)/InteractivePlayerView.app/InteractivePlayerView";
			};
			name = Debug;
		};
		59B8363B1B7DF1F6007E1290 /* Release */ = {
			isa = XCBuildConfiguration;
			buildSettings = {
				BUNDLE_LOADER = "$(TEST_HOST)";
				DEVELOPMENT_TEAM = 89QENA8827;
				FRAMEWORK_SEARCH_PATHS = (
					"$(SDKROOT)/Developer/Library/Frameworks",
					"$(inherited)",
				);
				INFOPLIST_FILE = InteractivePlayerViewTests/Info.plist;
				LD_RUNPATH_SEARCH_PATHS = "$(inherited) @executable_path/Frameworks @loader_path/Frameworks";
				PRODUCT_BUNDLE_IDENTIFIER = "co.mobiwise.$(PRODUCT_NAME:rfc1034identifier)";
				PRODUCT_NAME = "$(TARGET_NAME)";
				SWIFT_VERSION = 3.0;
				TEST_HOST = "$(BUILT_PRODUCTS_DIR)/InteractivePlayerView.app/InteractivePlayerView";
			};
			name = Release;
		};
/* End XCBuildConfiguration section */

/* Begin XCConfigurationList section */
		59B836121B7DF1F6007E1290 /* Build configuration list for PBXProject "InteractivePlayerView" */ = {
			isa = XCConfigurationList;
			buildConfigurations = (
				59B836341B7DF1F6007E1290 /* Debug */,
				59B836351B7DF1F6007E1290 /* Release */,
			);
			defaultConfigurationIsVisible = 0;
			defaultConfigurationName = Release;
		};
		59B836361B7DF1F6007E1290 /* Build configuration list for PBXNativeTarget "InteractivePlayerView" */ = {
			isa = XCConfigurationList;
			buildConfigurations = (
				59B836371B7DF1F6007E1290 /* Debug */,
				59B836381B7DF1F6007E1290 /* Release */,
			);
			defaultConfigurationIsVisible = 0;
			defaultConfigurationName = Release;
		};
		59B836391B7DF1F6007E1290 /* Build configuration list for PBXNativeTarget "InteractivePlayerViewTests" */ = {
			isa = XCConfigurationList;
			buildConfigurations = (
				59B8363A1B7DF1F6007E1290 /* Debug */,
				59B8363B1B7DF1F6007E1290 /* Release */,
			);
			defaultConfigurationIsVisible = 0;
			defaultConfigurationName = Release;
		};
/* End XCConfigurationList section */
	};
	rootObject = 59B8360F1B7DF1F6007E1290 /* Project object */;
}
